
Microsoft Visual Studio Solution File, Format Version 12.00
# Visual Studio Express 2012 for Windows Desktop
Project("{FAE04EC0-301F-11D3-BF4B-00C04F79EFBC}") = "InkIRC", "InkIRC\InkIRC.csproj", "{EA23BCBB-942E-470C-9685-FB1F79167005}"
EndProject
Global
	GlobalSection(SolutionConfigurationPlatforms) = preSolution
		Debug|Any CPU = Debug|Any CPU
		Release|Any CPU = Release|Any CPU
	EndGlobalSection
	GlobalSection(ProjectConfigurationPlatforms) = postSolution
		{EA23BCBB-942E-470C-9685-FB1F79167005}.Debug|Any CPU.ActiveCfg = Debug|Any CPU
		{EA23BCBB-942E-470C-9685-FB1F79167005}.Debug|Any CPU.Build.0 = Debug|Any CPU
		{EA23BCBB-942E-470C-9685-FB1F79167005}.Release|Any CPU.ActiveCfg = Release|Any CPU
		{EA23BCBB-942E-470C-9685-FB1F79167005}.Release|Any CPU.Build.0 = Release|Any CPU
	EndGlobalSection
	GlobalSection(SolutionProperties) = preSolution
		HideSolutionNode = FALSE
	EndGlobalSection
EndGlobal
